
Microsoft Visual Studio Solution File, Format Version 12.00
# Visual Studio Version 16
VisualStudioVersion = 25.0.1700.2
MinimumVisualStudioVersion = 10.0.40219.1
Project("{FAE04EC0-301F-11D3-BF4B-00C04F79EFBC}") = "MicroCQRS", "MicroCQRS\MicroCQRS.csproj", "{90E00387-0A3E-494A-A400-0EDBCB1F37FD}"
EndProject
Global
	GlobalSection(SolutionConfigurationPlatforms) = preSolution
		Debug|Any CPU = Debug|Any CPU
		Release|Any CPU = Release|Any CPU
	EndGlobalSection
	GlobalSection(ProjectConfigurationPlatforms) = postSolution
		{90E00387-0A3E-494A-A400-0EDBCB1F37FD}.Debug|Any CPU.ActiveCfg = Debug|Any CPU
		{90E00387-0A3E-494A-A400-0EDBCB1F37FD}.Debug|Any CPU.Build.0 = Debug|Any CPU
		{90E00387-0A3E-494A-A400-0EDBCB1F37FD}.Release|Any CPU.ActiveCfg = Release|Any CPU
		{90E00387-0A3E-494A-A400-0EDBCB1F37FD}.Release|Any CPU.Build.0 = Release|Any CPU
	EndGlobalSection
	GlobalSection(SolutionProperties) = preSolution
		HideSolutionNode = FALSE
	EndGlobalSection
	GlobalSection(ExtensibilityGlobals) = postSolution
		SolutionGuid = {89559060-2DA6-4179-A92B-A363386EA18E}
	EndGlobalSection
EndGlobal
